{
  "name": "calendario-hvac-siys",
  "version": "0.12.0-beta.1",
  "lockfileVersion": 3,
  "requires": true,
  "packages": {
    "": {
      "name": "calendario-hvac-siys",
      "version": "0.12.0-beta.1",
      "bin": {
        "calendary": "bin/calendary.js"
      },
      "engines": {
        "node": ">=20"
      }
    }
  }
}
